{
	"name": "js-intellisense",
	"version": "1.4.7",
	"lockfileVersion": 1,
	"dependencies": {
		"acorn": {
			"version": "4.0.13",
			"resolved": "http://registry.npm.taobao.org/acorn/download/acorn-4.0.13.tgz",
			"integrity": "sha1-EFSVrlNh1pe9GVyCUZLhrX8lN4c="
		},
		"balanced-match": {
			"version": "https://registry.npmjs.org/balanced-match/-/balanced-match-1.0.0.tgz",
			"integrity": "sha1-ibTRmasr7kneFk6gK4nORi1xt2c="
		},
		"brace-expansion": {
			"version": "https://registry.npmjs.org/brace-expansion/-/brace-expansion-1.1.8.tgz",
			"integrity": "sha1-wHshHHyVLsH479Uad+8NHTmQopI=",
			"requires": {
				"balanced-match": "https://registry.npmjs.org/balanced-match/-/balanced-match-1.0.0.tgz",
				"concat-map": "https://registry.npmjs.org/concat-map/-/concat-map-0.0.1.tgz"
			}
		},
		"concat-map": {
			"version": "https://registry.npmjs.org/concat-map/-/concat-map-0.0.1.tgz",
			"integrity": "sha1-2Klr13/Wjfd5OnMDajug1UBdR3s="
		},
		"core-util-is": {
			"version": "https://registry.npmjs.org/core-util-is/-/core-util-is-1.0.2.tgz",
			"integrity": "sha1-tf1UIgqivFq1eqtxQMlAdUUDwac="
		},
		"enhanced-resolve": {
			"version": "2.3.0",
			"resolved": "http://registry.npm.taobao.org/enhanced-resolve/download/enhanced-resolve-2.3.0.tgz",
			"integrity": "sha1-oRXDJQS2MC6Fp2Jp16V8zdli41k="
		},
		"errno": {
			"version": "0.1.7",
			"resolved": "http://registry.npm.taobao.org/errno/download/errno-0.1.7.tgz",
			"integrity": "sha1-RoTXF3mtOa8Xfj8AeZb3xnyFJhg="
		},
		"fs.realpath": {
			"version": "https://registry.npmjs.org/fs.realpath/-/fs.realpath-1.0.0.tgz",
			"integrity": "sha1-FQStJSMVjKpA20onh8sBQRmU6k8="
		},
		"glob": {
			"version": "https://registry.npmjs.org/glob/-/glob-7.1.2.tgz",
			"integrity": "sha1-wZyd+aAocC1nhhI4SmVSQExjbRU=",
			"requires": {
				"fs.realpath": "https://registry.npmjs.org/fs.realpath/-/fs.realpath-1.0.0.tgz",
				"inflight": "https://registry.npmjs.org/inflight/-/inflight-1.0.6.tgz",
				"inherits": "https://registry.npmjs.org/inherits/-/inherits-2.0.3.tgz",
				"minimatch": "https://registry.npmjs.org/minimatch/-/minimatch-3.0.4.tgz",
				"once": "https://registry.npmjs.org/once/-/once-1.4.0.tgz",
				"path-is-absolute": "https://registry.npmjs.org/path-is-absolute/-/path-is-absolute-1.0.1.tgz"
			}
		},
		"graceful-fs": {
			"version": "https://registry.npmjs.org/graceful-fs/-/graceful-fs-4.1.11.tgz",
			"integrity": "sha1-Dovf5NHduIVNZOBOp8AOKgJuVlg="
		},
		"inflight": {
			"version": "https://registry.npmjs.org/inflight/-/inflight-1.0.6.tgz",
			"integrity": "sha1-Sb1jMdfQLQwJvJEKEHW6gWW1bfk=",
			"requires": {
				"once": "https://registry.npmjs.org/once/-/once-1.4.0.tgz",
				"wrappy": "https://registry.npmjs.org/wrappy/-/wrappy-1.0.2.tgz"
			}
		},
		"inherits": {
			"version": "https://registry.npmjs.org/inherits/-/inherits-2.0.3.tgz",
			"integrity": "sha1-Yzwsg+PaQqUC9SRmAiSA9CCCYd4="
		},
		"isarray": {
			"version": "https://registry.npmjs.org/isarray/-/isarray-1.0.0.tgz",
			"integrity": "sha1-u5NdSFgsuhaMBoNJV6VKPgcSTxE="
		},
		"memory-fs": {
			"version": "0.3.0",
			"resolved": "http://registry.npm.taobao.org/memory-fs/download/memory-fs-0.3.0.tgz",
			"integrity": "sha1-e8xrYp46Q+hx1+Kaymrop/FcuyA="
		},
		"minimatch": {
			"version": "https://registry.npmjs.org/minimatch/-/minimatch-3.0.4.tgz",
			"integrity": "sha1-UWbihkV/AzBgZL5Ul+jbsMPTIIM=",
			"requires": {
				"brace-expansion": "https://registry.npmjs.org/brace-expansion/-/brace-expansion-1.1.8.tgz"
			}
		},
		"object-assign": {
			"version": "https://registry.npmjs.org/object-assign/-/object-assign-3.0.0.tgz",
			"integrity": "sha1-m+3VygiXlJvKR+f/QIBi1Un1h/I="
		},
		"once": {
			"version": "https://registry.npmjs.org/once/-/once-1.4.0.tgz",
			"integrity": "sha1-WDsap3WWHUsROsF9nFC6753Xa9E=",
			"requires": {
				"wrappy": "https://registry.npmjs.org/wrappy/-/wrappy-1.0.2.tgz"
			}
		},
		"path-is-absolute": {
			"version": "https://registry.npmjs.org/path-is-absolute/-/path-is-absolute-1.0.1.tgz",
			"integrity": "sha1-F0uSaHNVNP+8es5r9TpanhtcX18="
		},
		"process-nextick-args": {
			"version": "https://registry.npmjs.org/process-nextick-args/-/process-nextick-args-1.0.7.tgz",
			"integrity": "sha1-FQ4gt1ZZCtP5EJPyWk8q2L/zC6M="
		},
		"prr": {
			"version": "1.0.1",
			"resolved": "http://registry.npm.taobao.org/prr/download/prr-1.0.1.tgz",
			"integrity": "sha1-0/wRS6BplaRexok/SEzrHXj19HY="
		},
		"readable-stream": {
			"version": "https://registry.npmjs.org/readable-stream/-/readable-stream-2.3.3.tgz",
			"integrity": "sha1-No8lEtefnUb9/HE0mueHi7weuVw=",
			"requires": {
				"core-util-is": "https://registry.npmjs.org/core-util-is/-/core-util-is-1.0.2.tgz",
				"inherits": "https://registry.npmjs.org/inherits/-/inherits-2.0.3.tgz",
				"isarray": "https://registry.npmjs.org/isarray/-/isarray-1.0.0.tgz",
				"process-nextick-args": "https://registry.npmjs.org/process-nextick-args/-/process-nextick-args-1.0.7.tgz",
				"safe-buffer": "https://registry.npmjs.org/safe-buffer/-/safe-buffer-5.1.1.tgz",
				"string_decoder": "https://registry.npmjs.org/string_decoder/-/string_decoder-1.0.3.tgz",
				"util-deprecate": "https://registry.npmjs.org/util-deprecate/-/util-deprecate-1.0.2.tgz"
			}
		},
		"resolve-from": {
			"version": "2.0.0",
			"resolved": "http://registry.npm.taobao.org/resolve-from/download/resolve-from-2.0.0.tgz",
			"integrity": "sha1-lICrIOlP+h2egKgEx+oUdhGWa1c="
		},
		"safe-buffer": {
			"version": "https://registry.npmjs.org/safe-buffer/-/safe-buffer-5.1.1.tgz",
			"integrity": "sha1-iTMSr2myEj3vcfV4iQAWce6yyFM="
		},
		"string_decoder": {
			"version": "https://registry.npmjs.org/string_decoder/-/string_decoder-1.0.3.tgz",
			"integrity": "sha1-D8Z9fBQYJd6UKC3VNr7GubzoYKs=",
			"requires": {
				"safe-buffer": "https://registry.npmjs.org/safe-buffer/-/safe-buffer-5.1.1.tgz"
			}
		},
		"tapable": {
			"version": "0.2.8",
			"resolved": "http://registry.npm.taobao.org/tapable/download/tapable-0.2.8.tgz",
			"integrity": "sha1-mTcqXJmb8t8WCvwNdL7U9HlIzSI="
		},
		"tern": {
			"version": "0.21.0",
			"resolved": "http://registry.npm.taobao.org/tern/download/tern-0.21.0.tgz",
			"integrity": "sha1-gJyHqCbhEklDmM+IlPfC0bNGTrc="
		},
		"util-deprecate": {
			"version": "https://registry.npmjs.org/util-deprecate/-/util-deprecate-1.0.2.tgz",
			"integrity": "sha1-RQ1Nyfpw3nMnYvvS1KKJgUGaDM8="
		},
		"vscode-jsonrpc": {
			"version": "https://registry.npmjs.org/vscode-jsonrpc/-/vscode-jsonrpc-3.5.0.tgz",
			"integrity": "sha1-hyOdnhZrLXNSJFuKgTWXgEwdY6o="
		},
		"vscode-languageserver": {
			"version": "https://registry.npmjs.org/vscode-languageserver/-/vscode-languageserver-3.5.0.tgz",
			"integrity": "sha1-0oCZvG3dqMHdFrcH5FThsd2uDbo=",
			"requires": {
				"vscode-languageserver-protocol": "https://registry.npmjs.org/vscode-languageserver-protocol/-/vscode-languageserver-protocol-3.5.0.tgz",
				"vscode-uri": "https://registry.npmjs.org/vscode-uri/-/vscode-uri-1.0.1.tgz"
			}
		},
		"vscode-languageserver-protocol": {
			"version": "https://registry.npmjs.org/vscode-languageserver-protocol/-/vscode-languageserver-protocol-3.5.0.tgz",
			"integrity": "sha1-Bnxcvidwl5U5jRGWksl+u6FFIgk=",
			"requires": {
				"vscode-jsonrpc": "https://registry.npmjs.org/vscode-jsonrpc/-/vscode-jsonrpc-3.5.0.tgz",
				"vscode-languageserver-types": "https://registry.npmjs.org/vscode-languageserver-types/-/vscode-languageserver-types-3.5.0.tgz"
			}
		},
		"vscode-languageserver-types": {
			"version": "https://registry.npmjs.org/vscode-languageserver-types/-/vscode-languageserver-types-3.5.0.tgz",
			"integrity": "sha1-5I15li8LjgLelV4/UkkI4rGcA3Q="
		},
		"vscode-uri": {
			"version": "https://registry.npmjs.org/vscode-uri/-/vscode-uri-1.0.1.tgz",
			"integrity": "sha1-Eahr7+rDxKo+wIYjZRo8gabQu8g="
		},
		"wrappy": {
			"version": "https://registry.npmjs.org/wrappy/-/wrappy-1.0.2.tgz",
			"integrity": "sha1-tSQ9jz7BqjXxNkYFvA0QNuMKtp8="
		}
	}
}
